
Microsoft Visual Studio Solution File, Format Version 12.00
# Visual Studio Version 16
VisualStudioVersion = 16.0.30225.117
MinimumVisualStudioVersion = 10.0.40219.1
Project("{FAE04EC0-301F-11D3-BF4B-00C04F79EFBC}") = "AsosTest", "AsosTest\AsosTest.csproj", "{80DBE58B-CBEA-480D-8B05-D6F077E83CAE}"
EndProject
Global
	GlobalSection(SolutionConfigurationPlatforms) = preSolution
		Debug|Any CPU = Debug|Any CPU
		Release|Any CPU = Release|Any CPU
	EndGlobalSection
	GlobalSection(ProjectConfigurationPlatforms) = postSolution
		{80DBE58B-CBEA-480D-8B05-D6F077E83CAE}.Debug|Any CPU.ActiveCfg = Debug|Any CPU
		{80DBE58B-CBEA-480D-8B05-D6F077E83CAE}.Debug|Any CPU.Build.0 = Debug|Any CPU
		{80DBE58B-CBEA-480D-8B05-D6F077E83CAE}.Release|Any CPU.ActiveCfg = Release|Any CPU
		{80DBE58B-CBEA-480D-8B05-D6F077E83CAE}.Release|Any CPU.Build.0 = Release|Any CPU
	EndGlobalSection
	GlobalSection(SolutionProperties) = preSolution
		HideSolutionNode = FALSE
	EndGlobalSection
	GlobalSection(ExtensibilityGlobals) = postSolution
		SolutionGuid = {4878145C-A5C4-4FB8-B50C-B011F20B9B82}
	EndGlobalSection
EndGlobal
